<?xml version="1.0" encoding="utf-8"?>
<Project ToolsVersion="4.0" xmlns="http://schemas.microsoft.com/developer/msbuild/2003">
  <ItemGroup>
    <Filter Include="Source Files">
      <UniqueIdentifier>{37439903-2a9f-4186-aa74-abeddd7aade8}</UniqueIdentifier>
      <Extensions>cpp;c;cxx;rc;def;r;odl;idl;hpj;bat</Extensions>
    </Filter>
    <Filter Include="Header Files">
      <UniqueIdentifier>{288b0ea8-c870-4be5-a03b-ed4e72239ffa}</UniqueIdentifier>
      <Extensions>h;hpp;hxx;hm;inl</Extensions>
    </Filter>
    <Filter Include="Resource Files">
      <UniqueIdentifier>{211592c0-0d3a-4a00-bd23-85e189986a34}</UniqueIdentifier>
      <Extensions>ico;cur;bmp;dlg;rc2;rct;bin;rgs;gif;jpg;jpeg;jpe</Extensions>
    </Filter>
  </ItemGroup>
  <ItemGroup>
    <ClCompile Include="Dynaserver.cpp">
      <Filter>Source Files</Filter>
    </ClCompile>
    <ClCompile Include="FrontEnd.c">
      <Filter>Source Files</Filter>
    </ClCompile>
    <ClCompile Include="gen_funcs.c">
      <Filter>Source Files</Filter>
    </ClCompile>
    <ClCompile Include="global_vars.c">
      <Filter>Source Files</Filter>
    </ClCompile>
    <ClCompile Include="PANSI_s.c">
      <Filter>Source Files</Filter>
    </ClCompile>
    <ClCompile Include="RPC-funcs.c">
      <Filter>Source Files</Filter>
    </ClCompile>
    <ClCompile Include="TFR.c">
      <Filter>Source Files</Filter>
    </ClCompile>
    <ClCompile Include="getopt.c">
      <Filter>Source Files</Filter>
    </ClCompile>
    <ClCompile Include="getopt_init.c">
      <Filter>Source Files</Filter>
    </ClCompile>
    <ClCompile Include="FE_MODBUS.c">
      <Filter>Source Files</Filter>
    </ClCompile>
  </ItemGroup>
  <ItemGroup>
    <ClInclude Include="panserver.h">
      <Filter>Header Files</Filter>
    </ClInclude>
    <ClInclude Include="panserver2.h">
      <Filter>Header Files</Filter>
    </ClInclude>
    <ClInclude Include="PANSI.h">
      <Filter>Header Files</Filter>
    </ClInclude>
    <ClInclude Include="getopt.h">
      <Filter>Header Files</Filter>
    </ClInclude>
    <ClInclude Include="getopt_int.h">
      <Filter>Header Files</Filter>
    </ClInclude>
    <ClInclude Include="mod_common.h">
      <Filter>Header Files</Filter>
    </ClInclude>
    <ClInclude Include="modbus.h">
      <Filter>Header Files</Filter>
    </ClInclude>
    <ClInclude Include="modbus-rtu.h">
      <Filter>Header Files</Filter>
    </ClInclude>
    <ClInclude Include="modbus-version.h">
      <Filter>Header Files</Filter>
    </ClInclude>
    <ClInclude Include="modbus-tcp.h">
      <Filter>Header Files</Filter>
    </ClInclude>
  </ItemGroup>
</Project>